
Microsoft Visual Studio Solution File, Format Version 12.00
# Visual Studio Version 17
VisualStudioVersion = 17.3.32901.215
MinimumVisualStudioVersion = 10.0.40219.1
Project("{FAE04EC0-301F-11D3-BF4B-00C04F79EFBC}") = "AwarenessTelegramBot", "AwarenessTelegramBot\AwarenessTelegramBot.csproj", "{F8D8ED01-A0B9-42FF-AF85-E02218068448}"
EndProject
Global
	GlobalSection(SolutionConfigurationPlatforms) = preSolution
		Debug|Any CPU = Debug|Any CPU
		Release|Any CPU = Release|Any CPU
	EndGlobalSection
	GlobalSection(ProjectConfigurationPlatforms) = postSolution
		{F8D8ED01-A0B9-42FF-AF85-E02218068448}.Debug|Any CPU.ActiveCfg = Debug|Any CPU
		{F8D8ED01-A0B9-42FF-AF85-E02218068448}.Debug|Any CPU.Build.0 = Debug|Any CPU
		{F8D8ED01-A0B9-42FF-AF85-E02218068448}.Release|Any CPU.ActiveCfg = Release|Any CPU
		{F8D8ED01-A0B9-42FF-AF85-E02218068448}.Release|Any CPU.Build.0 = Release|Any CPU
	EndGlobalSection
	GlobalSection(SolutionProperties) = preSolution
		HideSolutionNode = FALSE
	EndGlobalSection
	GlobalSection(ExtensibilityGlobals) = postSolution
		SolutionGuid = {F629421E-CD5B-42A6-9132-D9D514CDCA0C}
	EndGlobalSection
EndGlobal
